
Microsoft Visual Studio Solution File, Format Version 12.00
# Visual Studio Version 16
VisualStudioVersion = 16.0.32106.194
MinimumVisualStudioVersion = 10.0.40219.1
Project("{FAE04EC0-301F-11D3-BF4B-00C04F79EFBC}") = "Ex3(Laborator6)", "Ex3(Laborator6).csproj", "{F435417A-BD15-4EED-8055-FEFD0AA5ADE1}"
EndProject
Global
	GlobalSection(SolutionConfigurationPlatforms) = preSolution
		Debug|Any CPU = Debug|Any CPU
		Release|Any CPU = Release|Any CPU
	EndGlobalSection
	GlobalSection(ProjectConfigurationPlatforms) = postSolution
		{F435417A-BD15-4EED-8055-FEFD0AA5ADE1}.Debug|Any CPU.ActiveCfg = Debug|Any CPU
		{F435417A-BD15-4EED-8055-FEFD0AA5ADE1}.Debug|Any CPU.Build.0 = Debug|Any CPU
		{F435417A-BD15-4EED-8055-FEFD0AA5ADE1}.Release|Any CPU.ActiveCfg = Release|Any CPU
		{F435417A-BD15-4EED-8055-FEFD0AA5ADE1}.Release|Any CPU.Build.0 = Release|Any CPU
	EndGlobalSection
	GlobalSection(SolutionProperties) = preSolution
		HideSolutionNode = FALSE
	EndGlobalSection
	GlobalSection(ExtensibilityGlobals) = postSolution
		SolutionGuid = {2270BBF3-B4A1-4B51-89D1-C8C535EA735A}
	EndGlobalSection
EndGlobal
